
Microsoft Visual Studio Solution File, Format Version 12.00
# Visual Studio Version 17
VisualStudioVersion = 17.0.31903.59
MinimumVisualStudioVersion = 10.0.40219.1
Project("{FAE04EC0-301F-11D3-BF4B-00C04F79EFBC}") = "OnPremClient", "OnPremClient\OnPremClient.csproj", "{473AA375-9D31-4FB4-870E-7B9EF5BAD49F}"
EndProject
Project("{FAE04EC0-301F-11D3-BF4B-00C04F79EFBC}") = "API", "API\API.csproj", "{C3DB7708-E391-43F5-89FA-C949DD2DBCC1}"
EndProject
Global
	GlobalSection(SolutionConfigurationPlatforms) = preSolution
		Debug|Any CPU = Debug|Any CPU
		Release|Any CPU = Release|Any CPU
	EndGlobalSection
	GlobalSection(ProjectConfigurationPlatforms) = postSolution
		{473AA375-9D31-4FB4-870E-7B9EF5BAD49F}.Debug|Any CPU.ActiveCfg = Debug|Any CPU
		{473AA375-9D31-4FB4-870E-7B9EF5BAD49F}.Debug|Any CPU.Build.0 = Debug|Any CPU
		{473AA375-9D31-4FB4-870E-7B9EF5BAD49F}.Release|Any CPU.ActiveCfg = Release|Any CPU
		{473AA375-9D31-4FB4-870E-7B9EF5BAD49F}.Release|Any CPU.Build.0 = Release|Any CPU
		{C3DB7708-E391-43F5-89FA-C949DD2DBCC1}.Debug|Any CPU.ActiveCfg = Debug|Any CPU
		{C3DB7708-E391-43F5-89FA-C949DD2DBCC1}.Debug|Any CPU.Build.0 = Debug|Any CPU
		{C3DB7708-E391-43F5-89FA-C949DD2DBCC1}.Release|Any CPU.ActiveCfg = Release|Any CPU
		{C3DB7708-E391-43F5-89FA-C949DD2DBCC1}.Release|Any CPU.Build.0 = Release|Any CPU
	EndGlobalSection
	GlobalSection(SolutionProperties) = preSolution
		HideSolutionNode = FALSE
	EndGlobalSection
	GlobalSection(ExtensibilityGlobals) = postSolution
		SolutionGuid = {FE6E3CBB-5B4E-4FE5-B61D-7260784F9ADB}
	EndGlobalSection
EndGlobal
